// !$*UTF8*$!
{
	archiveVersion = 1;
	classes = {
	};
	objectVersion = 46;
	objects = {

/* Begin PBXBuildFile section */
		5B36F4931E4557710085CD5D /* AppDelegate.swift in Sources */ = {isa = PBXBuildFile; fileRef = 5B36F4921E4557710085CD5D /* AppDelegate.swift */; };
		5B36F4951E4557710085CD5D /* ViewController.swift in Sources */ = {isa = PBXBuildFile; fileRef = 5B36F4941E4557710085CD5D /* ViewController.swift */; };
		5B36F4981E4557710085CD5D /* Main.storyboard in Resources */ = {isa = PBXBuildFile; fileRef = 5B36F4961E4557710085CD5D /* Main.storyboard */; };
		5B36F49A1E4557710085CD5D /* Assets.xcassets in Resources */ = {isa = PBXBuildFile; fileRef = 5B36F4991E4557710085CD5D /* Assets.xcassets */; };
		5B36F49D1E4557710085CD5D /* LaunchScreen.storyboard in Resources */ = {isa = PBXBuildFile; fileRef = 5B36F49B1E4557710085CD5D /* LaunchScreen.storyboard */; };
		5B36F4A51E456BBB0085CD5D /* tamanoViewController.swift in Sources */ = {isa = PBXBuildFile; fileRef = 5B36F4A41E456BBB0085CD5D /* tamanoViewController.swift */; };
		5B36F4A71E456BDE0085CD5D /* masaViewController.swift in Sources */ = {isa = PBXBuildFile; fileRef = 5B36F4A61E456BDE0085CD5D /* masaViewController.swift */; };
		5B36F4A91E456BF10085CD5D /* quesoViewController.swift in Sources */ = {isa = PBXBuildFile; fileRef = 5B36F4A81E456BF10085CD5D /* quesoViewController.swift */; };
		5B36F4AD1E456C310085CD5D /* ingredientesViewController.swift in Sources */ = {isa = PBXBuildFile; fileRef = 5B36F4AC1E456C310085CD5D /* ingredientesViewController.swift */; };
		5B36F4AF1E456C4B0085CD5D /* confirmarViewController.swift in Sources */ = {isa = PBXBuildFile; fileRef = 5B36F4AE1E456C4B0085CD5D /* confirmarViewController.swift */; };
		5B36F4B11E456C5A0085CD5D /* finalViewController.swift in Sources */ = {isa = PBXBuildFile; fileRef = 5B36F4B01E456C590085CD5D /* finalViewController.swift */; };
/* End PBXBuildFile section */

/* Begin PBXFileReference section */
		5B36F48F1E4557710085CD5D /* ordenarPizzafinal.app */ = {isa = PBXFileReference; explicitFileType = wrapper.application; includeInIndex = 0; path = ordenarPizzafinal.app; sourceTree = BUILT_PRODUCTS_DIR; };
		5B36F4921E4557710085CD5D /* AppDelegate.swift */ = {isa = PBXFileReference; lastKnownFileType = sourcecode.swift; path = AppDelegate.swift; sourceTree = "<group>"; };
		5B36F4941E4557710085CD5D /* ViewController.swift */ = {isa = PBXFileReference; lastKnownFileType = sourcecode.swift; path = ViewController.swift; sourceTree = "<group>"; };
		5B36F4971E4557710085CD5D /* Base */ = {isa = PBXFileReference; lastKnownFileType = file.storyboard; name = Base; path = Base.lproj/Main.storyboard; sourceTree = "<group>"; };
		5B36F4991E4557710085CD5D /* Assets.xcassets */ = {isa = PBXFileReference; lastKnownFileType = folder.assetcatalog; path = Assets.xcassets; sourceTree = "<group>"; };
		5B36F49C1E4557710085CD5D /* Base */ = {isa = PBXFileReference; lastKnownFileType = file.storyboard; name = Base; path = Base.lproj/LaunchScreen.storyboard; sourceTree = "<group>"; };
		5B36F49E1E4557710085CD5D /* Info.plist */ = {isa = PBXFileReference; lastKnownFileType = text.plist.xml; path = Info.plist; sourceTree = "<group>"; };
		5B36F4A41E456BBB0085CD5D /* tamanoViewController.swift */ = {isa = PBXFileReference; fileEncoding = 4; lastKnownFileType = sourcecode.swift; path = tamanoViewController.swift; sourceTree = "<group>"; };
		5B36F4A61E456BDE0085CD5D /* masaViewController.swift */ = {isa = PBXFileReference; fileEncoding = 4; lastKnownFileType = sourcecode.swift; path = masaViewController.swift; sourceTree = "<group>"; };
		5B36F4A81E456BF10085CD5D /* quesoViewController.swift */ = {isa = PBXFileReference; fileEncoding = 4; lastKnownFileType = sourcecode.swift; path = quesoViewController.swift; sourceTree = "<group>"; };
		5B36F4AC1E456C310085CD5D /* ingredientesViewController.swift */ = {isa = PBXFileReference; fileEncoding = 4; lastKnownFileType = sourcecode.swift; path = ingredientesViewController.swift; sourceTree = "<group>"; };
		5B36F4AE1E456C4B0085CD5D /* confirmarViewController.swift */ = {isa = PBXFileReference; fileEncoding = 4; lastKnownFileType = sourcecode.swift; path = confirmarViewController.swift; sourceTree = "<group>"; };
		5B36F4B01E456C590085CD5D /* finalViewController.swift */ = {isa = PBXFileReference; fileEncoding = 4; lastKnownFileType = sourcecode.swift; path = finalViewController.swift; sourceTree = "<group>"; };
/* End PBXFileReference section */

/* Begin PBXFrameworksBuildPhase section */
		5B36F48C1E4557710085CD5D /* Frameworks */ = {
			isa = PBXFrameworksBuildPhase;
			buildActionMask = 2147483647;
			files = (
			);
			runOnlyForDeploymentPostprocessing = 0;
		};
/* End PBXFrameworksBuildPhase section */

/* Begin PBXGroup section */
		5B36F4861E4557700085CD5D = {
			isa = PBXGroup;
			children = (
				5B36F4911E4557710085CD5D /* ordenarPizzafinal */,
				5B36F4901E4557710085CD5D /* Products */,
			);
			sourceTree = "<group>";
		};
		5B36F4901E4557710085CD5D /* Products */ = {
			isa = PBXGroup;
			children = (
				5B36F48F1E4557710085CD5D /* ordenarPizzafinal.app */,
			);
			name = Products;
			sourceTree = "<group>";
		};
		5B36F4911E4557710085CD5D /* ordenarPizzafinal */ = {
			isa = PBXGroup;
			children = (
				5B36F4921E4557710085CD5D /* AppDelegate.swift */,
				5B36F4941E4557710085CD5D /* ViewController.swift */,
				5B36F4961E4557710085CD5D /* Main.storyboard */,
				5B36F4991E4557710085CD5D /* Assets.xcassets */,
				5B36F49B1E4557710085CD5D /* LaunchScreen.storyboard */,
				5B36F49E1E4557710085CD5D /* Info.plist */,
				5B36F4A41E456BBB0085CD5D /* tamanoViewController.swift */,
				5B36F4A61E456BDE0085CD5D /* masaViewController.swift */,
				5B36F4A81E456BF10085CD5D /* quesoViewController.swift */,
				5B36F4AC1E456C310085CD5D /* ingredientesViewController.swift */,
				5B36F4AE1E456C4B0085CD5D /* confirmarViewController.swift */,
				5B36F4B01E456C590085CD5D /* finalViewController.swift */,
			);
			path = ordenarPizzafinal;
			sourceTree = "<group>";
		};
/* End PBXGroup section */

/* Begin PBXNativeTarget section */
		5B36F48E1E4557710085CD5D /* ordenarPizzafinal */ = {
			isa = PBXNativeTarget;
			buildConfigurationList = 5B36F4A11E4557710085CD5D /* Build configuration list for PBXNativeTarget "ordenarPizzafinal" */;
			buildPhases = (
				5B36F48B1E4557710085CD5D /* Sources */,
				5B36F48C1E4557710085CD5D /* Frameworks */,
				5B36F48D1E4557710085CD5D /* Resources */,
			);
			buildRules = (
			);
			dependencies = (
			);
			name = ordenarPizzafinal;
			productName = ordenarPizzafinal;
			productReference = 5B36F48F1E4557710085CD5D /* ordenarPizzafinal.app */;
			productType = "com.apple.product-type.application";
		};
/* End PBXNativeTarget section */

/* Begin PBXProject section */
		5B36F4871E4557710085CD5D /* Project object */ = {
			isa = PBXProject;
			attributes = {
				LastSwiftUpdateCheck = 0820;
				LastUpgradeCheck = 0820;
				ORGANIZATIONNAME = "Rodrigo Guerra Castilla";
				TargetAttributes = {
					5B36F48E1E4557710085CD5D = {
						CreatedOnToolsVersion = 8.2;
						ProvisioningStyle = Automatic;
					};
				};
			};
			buildConfigurationList = 5B36F48A1E4557710085CD5D /* Build configuration list for PBXProject "ordenarPizzafinal" */;
			compatibilityVersion = "Xcode 3.2";
			developmentRegion = English;
			hasScannedForEncodings = 0;
			knownRegions = (
				en,
				Base,
			);
			mainGroup = 5B36F4861E4557700085CD5D;
			productRefGroup = 5B36F4901E4557710085CD5D /* Products */;
			projectDirPath = "";
			projectRoot = "";
			targets = (
				5B36F48E1E4557710085CD5D /* ordenarPizzafinal */,
			);
		};
/* End PBXProject section */

/* Begin PBXResourcesBuildPhase section */
		5B36F48D1E4557710085CD5D /* Resources */ = {
			isa = PBXResourcesBuildPhase;
			buildActionMask = 2147483647;
			files = (
				5B36F49D1E4557710085CD5D /* LaunchScreen.storyboard in Resources */,
				5B36F49A1E4557710085CD5D /* Assets.xcassets in Resources */,
				5B36F4981E4557710085CD5D /* Main.storyboard in Resources */,
			);
			runOnlyForDeploymentPostprocessing = 0;
		};
/* End PBXResourcesBuildPhase section */

/* Begin PBXSourcesBuildPhase section */
		5B36F48B1E4557710085CD5D /* Sources */ = {
			isa = PBXSourcesBuildPhase;
			buildActionMask = 2147483647;
			files = (
				5B36F4AF1E456C4B0085CD5D /* confirmarViewController.swift in Sources */,
				5B36F4AD1E456C310085CD5D /* ingredientesViewController.swift in Sources */,
				5B36F4A91E456BF10085CD5D /* quesoViewController.swift in Sources */,
				5B36F4A71E456BDE0085CD5D /* masaViewController.swift in Sources */,
				5B36F4951E4557710085CD5D /* ViewController.swift in Sources */,
				5B36F4B11E456C5A0085CD5D /* finalViewController.swift in Sources */,
				5B36F4A51E456BBB0085CD5D /* tamanoViewController.swift in Sources */,
				5B36F4931E4557710085CD5D /* AppDelegate.swift in Sources */,
			);
			runOnlyForDeploymentPostprocessing = 0;
		};
/* End PBXSourcesBuildPhase section */

/* Begin PBXVariantGroup section */
		5B36F4961E4557710085CD5D /* Main.storyboard */ = {
			isa = PBXVariantGroup;
			children = (
				5B36F4971E4557710085CD5D /* Base */,
			);
			name = Main.storyboard;
			sourceTree = "<group>";
		};
		5B36F49B1E4557710085CD5D /* LaunchScreen.storyboard */ = {
			isa = PBXVariantGroup;
			children = (
				5B36F49C1E4557710085CD5D /* Base */,
			);
			name = LaunchScreen.storyboard;
			sourceTree = "<group>";
		};
/* End PBXVariantGroup section */

/* Begin XCBuildConfiguration section */
		5B36F49F1E4557710085CD5D /* Debug */ = {
			isa = XCBuildConfiguration;
			buildSettings = {
				ALWAYS_SEARCH_USER_PATHS = NO;
				CLANG_ANALYZER_NONNULL = YES;
				CLANG_CXX_LANGUAGE_STANDARD = "gnu++0x";
				CLANG_CXX_LIBRARY = "libc++";
				CLANG_ENABLE_MODULES = YES;
				CLANG_ENABLE_OBJC_ARC = YES;
				CLANG_WARN_BOOL_CONVERSION = YES;
				CLANG_WARN_CONSTANT_CONVERSION = YES;
				CLANG_WARN_DIRECT_OBJC_ISA_USAGE = YES_ERROR;
				CLANG_WARN_DOCUMENTATION_COMMENTS = YES;
				CLANG_WARN_EMPTY_BODY = YES;
				CLANG_WARN_ENUM_CONVERSION = YES;
				CLANG_WARN_INFINITE_RECURSION = YES;
				CLANG_WARN_INT_CONVERSION = YES;
				CLANG_WARN_OBJC_ROOT_CLASS = YES_ERROR;
				CLANG_WARN_SUSPICIOUS_MOVE = YES;
				CLANG_WARN_UNREACHABLE_CODE = YES;
				CLANG_WARN__DUPLICATE_METHOD_MATCH = YES;
				"CODE_SIGN_IDENTITY[sdk=iphoneos*]" = "iPhone Developer";
				COPY_PHASE_STRIP = NO;
				DEBUG_INFORMATION_FORMAT = dwarf;
				ENABLE_STRICT_OBJC_MSGSEND = YES;
				ENABLE_TESTABILITY = YES;
				GCC_C_LANGUAGE_STANDARD = gnu99;
				GCC_DYNAMIC_NO_PIC = NO;
				GCC_NO_COMMON_BLOCKS = YES;
				GCC_OPTIMIZATION_LEVEL = 0;
				GCC_PREPROCESSOR_DEFINITIONS = (
					"DEBUG=1",
					"$(inherited)",
				);
				GCC_WARN_64_TO_32_BIT_CONVERSION = YES;
				GCC_WARN_ABOUT_RETURN_TYPE = YES_ERROR;
				GCC_WARN_UNDECLARED_SELECTOR = YES;
				GCC_WARN_UNINITIALIZED_AUTOS = YES_AGGRESSIVE;
				GCC_WARN_UNUSED_FUNCTION = YES;
				GCC_WARN_UNUSED_VARIABLE = YES;
				IPHONEOS_DEPLOYMENT_TARGET = 10.2;
				MTL_ENABLE_DEBUG_INFO = YES;
				ONLY_ACTIVE_ARCH = YES;
				SDKROOT = iphoneos;
				SWIFT_ACTIVE_COMPILATION_CONDITIONS = DEBUG;
				SWIFT_OPTIMIZATION_LEVEL = "-Onone";
			};
			name = Debug;
		};
		5B36F4A01E4557710085CD5D /* Release */ = {
			isa = XCBuildConfiguration;
			buildSettings = {
				ALWAYS_SEARCH_USER_PATHS = NO;
				CLANG_ANALYZER_NONNULL = YES;
				CLANG_CXX_LANGUAGE_STANDARD = "gnu++0x";
				CLANG_CXX_LIBRARY = "libc++";
				CLANG_ENABLE_MODULES = YES;
				CLANG_ENABLE_OBJC_ARC = YES;
				CLANG_WARN_BOOL_CONVERSION = YES;
				CLANG_WARN_CONSTANT_CONVERSION = YES;
				CLANG_WARN_DIRECT_OBJC_ISA_USAGE = YES_ERROR;
				CLANG_WARN_DOCUMENTATION_COMMENTS = YES;
				CLANG_WARN_EMPTY_BODY = YES;
				CLANG_WARN_ENUM_CONVERSION = YES;
				CLANG_WARN_INFINITE_RECURSION = YES;
				CLANG_WARN_INT_CONVERSION = YES;
				CLANG_WARN_OBJC_ROOT_CLASS = YES_ERROR;
				CLANG_WARN_SUSPICIOUS_MOVE = YES;
				CLANG_WARN_UNREACHABLE_CODE = YES;
				CLANG_WARN__DUPLICATE_METHOD_MATCH = YES;
				"CODE_SIGN_IDENTITY[sdk=iphoneos*]" = "iPhone Developer";
				COPY_PHASE_STRIP = NO;
				DEBUG_INFORMATION_FORMAT = "dwarf-with-dsym";
				ENABLE_NS_ASSERTIONS = NO;
				ENABLE_STRICT_OBJC_MSGSEND = YES;
				GCC_C_LANGUAGE_STANDARD = gnu99;
				GCC_NO_COMMON_BLOCKS = YES;
				GCC_WARN_64_TO_32_BIT_CONVERSION = YES;
				GCC_WARN_ABOUT_RETURN_TYPE = YES_ERROR;
				GCC_WARN_UNDECLARED_SELECTOR = YES;
				GCC_WARN_UNINITIALIZED_AUTOS = YES_AGGRESSIVE;
				GCC_WARN_UNUSED_FUNCTION = YES;
				GCC_WARN_UNUSED_VARIABLE = YES;
				IPHONEOS_DEPLOYMENT_TARGET = 10.2;
				MTL_ENABLE_DEBUG_INFO = NO;
				SDKROOT = iphoneos;
				SWIFT_OPTIMIZATION_LEVEL = "-Owholemodule";
				VALIDATE_PRODUCT = YES;
			};
			name = Release;
		};
		5B36F4A21E4557710085CD5D /* Debug */ = {
			isa = XCBuildConfiguration;
			buildSettings = {
				ASSETCATALOG_COMPILER_APPICON_NAME = AppIcon;
				INFOPLIST_FILE = ordenarPizzafinal/Info.plist;
				LD_RUNPATH_SEARCH_PATHS = "$(inherited) @executable_path/Frameworks";
				PRODUCT_BUNDLE_IDENTIFIER = mx.rgc.ordenarPizzafinal;
				PRODUCT_NAME = "$(TARGET_NAME)";
				SWIFT_VERSION = 3.0;
			};
			name = Debug;
		};
		5B36F4A31E4557710085CD5D /* Release */ = {
			isa = XCBuildConfiguration;
			buildSettings = {
				ASSETCATALOG_COMPILER_APPICON_NAME = AppIcon;
				INFOPLIST_FILE = ordenarPizzafinal/Info.plist;
				LD_RUNPATH_SEARCH_PATHS = "$(inherited) @executable_path/Frameworks";
				PRODUCT_BUNDLE_IDENTIFIER = mx.rgc.ordenarPizzafinal;
				PRODUCT_NAME = "$(TARGET_NAME)";
				SWIFT_VERSION = 3.0;
			};
			name = Release;
		};
/* End XCBuildConfiguration section */

/* Begin XCConfigurationList section */
		5B36F48A1E4557710085CD5D /* Build configuration list for PBXProject "ordenarPizzafinal" */ = {
			isa = XCConfigurationList;
			buildConfigurations = (
				5B36F49F1E4557710085CD5D /* Debug */,
				5B36F4A01E4557710085CD5D /* Release */,
			);
			defaultConfigurationIsVisible = 0;
			defaultConfigurationName = Release;
		};
		5B36F4A11E4557710085CD5D /* Build configuration list for PBXNativeTarget "ordenarPizzafinal" */ = {
			isa = XCConfigurationList;
			buildConfigurations = (
				5B36F4A21E4557710085CD5D /* Debug */,
				5B36F4A31E4557710085CD5D /* Release */,
			);
			defaultConfigurationIsVisible = 0;
		};
/* End XCConfigurationList section */
	};
	rootObject = 5B36F4871E4557710085CD5D /* Project object */;
}
